PODS:
  - IQKeyboardManagerSwift (6.5.9)
  - ProgressHUD (13.6)

DEPENDENCIES:
  - IQKeyboardManagerSwift
  - ProgressHUD

SPEC REPOS:
  trunk:
    - IQKeyboardManagerSwift
    - ProgressHUD

SPEC CHECKSUMS:
  IQKeyboardManagerSwift: 6e839c575c4aa1078d58a596e41244e77abe918f
  ProgressHUD: 4bdaa0d2ddf676b23324b199f9facffb5c3a1620

PODFILE CHECKSUM: eb846fbf68437328a2711023291ead5f0190bffa

COCOAPODS: 1.11.2
