PODS:
  - IQKeyboardManagerSwift (6.5.9)
  - ProgressHUD (13.6)
  - SnapshotTesting (1.9.0)

DEPENDENCIES:
  - IQKeyboardManagerSwift
  - ProgressHUD
  - SnapshotTesting

SPEC REPOS:
  trunk:
    - IQKeyboardManagerSwift
    - ProgressHUD
    - SnapshotTesting

SPEC CHECKSUMS:
  IQKeyboardManagerSwift: 6e839c575c4aa1078d58a596e41244e77abe918f
  ProgressHUD: 4bdaa0d2ddf676b23324b199f9facffb5c3a1620
  SnapshotTesting: 6141c48b6aa76ead61431ca665c14ab9a066c53b

PODFILE CHECKSUM: c11d4eaad61fc2994f93ff5c432cd5106cd1f6a3

COCOAPODS: 1.11.2
