// !$*UTF8*$!
{
	archiveVersion = 1;
	classes = {
	};
	objectVersion = 55;
	objects = {

/* Begin PBXBuildFile section */
		3AD94FD8DA28FEA1565A255D /* Pods_MintyTests.framework in Frameworks */ = {isa = PBXBuildFile; fileRef = FB1F99DE03460550BC4DC3E8 /* Pods_MintyTests.framework */; };
		81B914937DCC0A6A4183920A /* Pods_Minty.framework in Frameworks */ = {isa = PBXBuildFile; fileRef = A1C585767380AAD6907F9723 /* Pods_Minty.framework */; };
		C65D95246C1768D90F4FF6C1 /* Pods_Minty_MintyUITests.framework in Frameworks */ = {isa = PBXBuildFile; fileRef = 0446D3C6526C7277D1E37F6E /* Pods_Minty_MintyUITests.framework */; };
		EC2003D427DFAF8B00D2F331 /* LegalViewControllerTests.swift in Sources */ = {isa = PBXBuildFile; fileRef = EC2003C027DFAF8B00D2F331 /* LegalViewControllerTests.swift */; };
		EC2003D527DFAF8B00D2F331 /* SettingsViewControllerTests.swift in Sources */ = {isa = PBXBuildFile; fileRef = EC2003C127DFAF8B00D2F331 /* SettingsViewControllerTests.swift */; };
		EC2003D627DFAF8B00D2F331 /* LoginViewControllerTests.swift in Sources */ = {isa = PBXBuildFile; fileRef = EC2003C227DFAF8B00D2F331 /* LoginViewControllerTests.swift */; };
		EC30942327DBB24A00DEA6AB /* AppDelegate.swift in Sources */ = {isa = PBXBuildFile; fileRef = EC30942227DBB24A00DEA6AB /* AppDelegate.swift */; };
		EC30942527DBB24A00DEA6AB /* SceneDelegate.swift in Sources */ = {isa = PBXBuildFile; fileRef = EC30942427DBB24A00DEA6AB /* SceneDelegate.swift */; };
		EC30942727DBB24A00DEA6AB /* LoginViewController.swift in Sources */ = {isa = PBXBuildFile; fileRef = EC30942627DBB24A00DEA6AB /* LoginViewController.swift */; };
		EC30942A27DBB24A00DEA6AB /* Main.storyboard in Resources */ = {isa = PBXBuildFile; fileRef = EC30942827DBB24A00DEA6AB /* Main.storyboard */; };
		EC30942C27DBB24D00DEA6AB /* Assets.xcassets in Resources */ = {isa = PBXBuildFile; fileRef = EC30942B27DBB24D00DEA6AB /* Assets.xcassets */; };
		EC30942F27DBB24D00DEA6AB /* LaunchScreen.storyboard in Resources */ = {isa = PBXBuildFile; fileRef = EC30942D27DBB24D00DEA6AB /* LaunchScreen.storyboard */; };
		EC30945527DBCE1000DEA6AB /* UIView+Extensions.swift in Sources */ = {isa = PBXBuildFile; fileRef = EC30945427DBCE1000DEA6AB /* UIView+Extensions.swift */; };
		EC3B8AD027DCA6990088D6A1 /* HomeViewController.swift in Sources */ = {isa = PBXBuildFile; fileRef = EC3B8ACF27DCA6990088D6A1 /* HomeViewController.swift */; };
		EC3BAD5627DDD9A7006277B8 /* SystemTableViewCell.swift in Sources */ = {isa = PBXBuildFile; fileRef = EC3BAD5527DDD9A7006277B8 /* SystemTableViewCell.swift */; };
		EC3BAD5927DE0BD8006277B8 /* FormValidator.swift in Sources */ = {isa = PBXBuildFile; fileRef = EC3BAD5827DE0BD8006277B8 /* FormValidator.swift */; };
		EC3BAD5C27DE1454006277B8 /* NetworkService.swift in Sources */ = {isa = PBXBuildFile; fileRef = EC3BAD5B27DE1453006277B8 /* NetworkService.swift */; };
		EC6A04C827DCC4EC00DE01E1 /* Item.swift in Sources */ = {isa = PBXBuildFile; fileRef = EC6A04C727DCC4EC00DE01E1 /* Item.swift */; };
		EC6A04CA27DCCC2C00DE01E1 /* SettingsViewController.swift in Sources */ = {isa = PBXBuildFile; fileRef = EC6A04C927DCCC2C00DE01E1 /* SettingsViewController.swift */; };
		EC6A04CD27DCD48000DE01E1 /* SettingTableViewCell.swift in Sources */ = {isa = PBXBuildFile; fileRef = EC6A04CC27DCD48000DE01E1 /* SettingTableViewCell.swift */; };
		EC6A04CF27DCF5E500DE01E1 /* LegalViewController.swift in Sources */ = {isa = PBXBuildFile; fileRef = EC6A04CE27DCF5E500DE01E1 /* LegalViewController.swift */; };
		EC6A04D127DD08B600DE01E1 /* SystemViewController.swift in Sources */ = {isa = PBXBuildFile; fileRef = EC6A04D027DD08B600DE01E1 /* SystemViewController.swift */; };
		EC6A04D327DD292500DE01E1 /* LegalTableViewCell.swift in Sources */ = {isa = PBXBuildFile; fileRef = EC6A04D227DD292500DE01E1 /* LegalTableViewCell.swift */; };
		EC6A04D527DD2C2A00DE01E1 /* LegalItem.swift in Sources */ = {isa = PBXBuildFile; fileRef = EC6A04D427DD2C2A00DE01E1 /* LegalItem.swift */; };
		ECB256C827DF958400FCC0BE /* NetworkServiceTests.swift in Sources */ = {isa = PBXBuildFile; fileRef = ECB256B527DF958400FCC0BE /* NetworkServiceTests.swift */; };
		ECB256C927DF958400FCC0BE /* FormValidatorTests.swift in Sources */ = {isa = PBXBuildFile; fileRef = ECB256B727DF958400FCC0BE /* FormValidatorTests.swift */; };
		ECB256D127DF972C00FCC0BE /* MintyUITests.swift in Sources */ = {isa = PBXBuildFile; fileRef = ECB256D027DF972C00FCC0BE /* MintyUITests.swift */; };
		ECB256D327DF972C00FCC0BE /* MintyUITestsLaunchTests.swift in Sources */ = {isa = PBXBuildFile; fileRef = ECB256D227DF972C00FCC0BE /* MintyUITestsLaunchTests.swift */; };
/* End PBXBuildFile section */

/* Begin PBXContainerItemProxy section */
		ECB2569A27DF954800FCC0BE /* PBXContainerItemProxy */ = {
			isa = PBXContainerItemProxy;
			containerPortal = EC30941727DBB24A00DEA6AB /* Project object */;
			proxyType = 1;
			remoteGlobalIDString = EC30941E27DBB24A00DEA6AB;
			remoteInfo = Minty;
		};
		ECB256D427DF972C00FCC0BE /* PBXContainerItemProxy */ = {
			isa = PBXContainerItemProxy;
			containerPortal = EC30941727DBB24A00DEA6AB /* Project object */;
			proxyType = 1;
			remoteGlobalIDString = EC30941E27DBB24A00DEA6AB;
			remoteInfo = Minty;
		};
/* End PBXContainerItemProxy section */

/* Begin PBXFileReference section */
		0446D3C6526C7277D1E37F6E /* Pods_Minty_MintyUITests.framework */ = {isa = PBXFileReference; explicitFileType = wrapper.framework; includeInIndex = 0; path = Pods_Minty_MintyUITests.framework; sourceTree = BUILT_PRODUCTS_DIR; };
		07193DA60B99EE9487C41549 /* Pods-Minty.release.xcconfig */ = {isa = PBXFileReference; includeInIndex = 1; lastKnownFileType = text.xcconfig; name = "Pods-Minty.release.xcconfig"; path = "Target Support Files/Pods-Minty/Pods-Minty.release.xcconfig"; sourceTree = "<group>"; };
		0AA9F0430C29CBABF4DAFB5C /* Pods-Minty-MintyUITests.debug.xcconfig */ = {isa = PBXFileReference; includeInIndex = 1; lastKnownFileType = text.xcconfig; name = "Pods-Minty-MintyUITests.debug.xcconfig"; path = "Target Support Files/Pods-Minty-MintyUITests/Pods-Minty-MintyUITests.debug.xcconfig"; sourceTree = "<group>"; };
		1361F630FD3D59D80D99EE0F /* Pods-MintyTests.release.xcconfig */ = {isa = PBXFileReference; includeInIndex = 1; lastKnownFileType = text.xcconfig; name = "Pods-MintyTests.release.xcconfig"; path = "Target Support Files/Pods-MintyTests/Pods-MintyTests.release.xcconfig"; sourceTree = "<group>"; };
		16CDCC4C0A37096547D0D17B /* Pods-Minty-MintyUITests.release.xcconfig */ = {isa = PBXFileReference; includeInIndex = 1; lastKnownFileType = text.xcconfig; name = "Pods-Minty-MintyUITests.release.xcconfig"; path = "Target Support Files/Pods-Minty-MintyUITests/Pods-Minty-MintyUITests.release.xcconfig"; sourceTree = "<group>"; };
		2A90BA67D669C134CF9C1B70 /* Pods-MintyTests.debug.xcconfig */ = {isa = PBXFileReference; includeInIndex = 1; lastKnownFileType = text.xcconfig; name = "Pods-MintyTests.debug.xcconfig"; path = "Target Support Files/Pods-MintyTests/Pods-MintyTests.debug.xcconfig"; sourceTree = "<group>"; };
		84C7729F31897DE788E65292 /* Pods-Minty.debug.xcconfig */ = {isa = PBXFileReference; includeInIndex = 1; lastKnownFileType = text.xcconfig; name = "Pods-Minty.debug.xcconfig"; path = "Target Support Files/Pods-Minty/Pods-Minty.debug.xcconfig"; sourceTree = "<group>"; };
		A1C585767380AAD6907F9723 /* Pods_Minty.framework */ = {isa = PBXFileReference; explicitFileType = wrapper.framework; includeInIndex = 0; path = Pods_Minty.framework; sourceTree = BUILT_PRODUCTS_DIR; };
		EC2003BB27DFADF600D2F331 /* SnapshotTesting.framework */ = {isa = PBXFileReference; explicitFileType = wrapper.framework; path = SnapshotTesting.framework; sourceTree = BUILT_PRODUCTS_DIR; };
		EC2003C027DFAF8B00D2F331 /* LegalViewControllerTests.swift */ = {isa = PBXFileReference; fileEncoding = 4; lastKnownFileType = sourcecode.swift; path = LegalViewControllerTests.swift; sourceTree = "<group>"; };
		EC2003C127DFAF8B00D2F331 /* SettingsViewControllerTests.swift */ = {isa = PBXFileReference; fileEncoding = 4; lastKnownFileType = sourcecode.swift; path = SettingsViewControllerTests.swift; sourceTree = "<group>"; };
		EC2003C227DFAF8B00D2F331 /* LoginViewControllerTests.swift */ = {isa = PBXFileReference; fileEncoding = 4; lastKnownFileType = sourcecode.swift; path = LoginViewControllerTests.swift; sourceTree = "<group>"; };
		EC30941F27DBB24A00DEA6AB /* Minty.app */ = {isa = PBXFileReference; explicitFileType = wrapper.application; includeInIndex = 0; path = Minty.app; sourceTree = BUILT_PRODUCTS_DIR; };
		EC30942227DBB24A00DEA6AB /* AppDelegate.swift */ = {isa = PBXFileReference; lastKnownFileType = sourcecode.swift; path = AppDelegate.swift; sourceTree = "<group>"; };
		EC30942427DBB24A00DEA6AB /* SceneDelegate.swift */ = {isa = PBXFileReference; lastKnownFileType = sourcecode.swift; path = SceneDelegate.swift; sourceTree = "<group>"; };
		EC30942627DBB24A00DEA6AB /* LoginViewController.swift */ = {isa = PBXFileReference; lastKnownFileType = sourcecode.swift; path = LoginViewController.swift; sourceTree = "<group>"; };
		EC30942927DBB24A00DEA6AB /* Base */ = {isa = PBXFileReference; lastKnownFileType = file.storyboard; name = Base; path = Base.lproj/Main.storyboard; sourceTree = "<group>"; };
		EC30942B27DBB24D00DEA6AB /* Assets.xcassets */ = {isa = PBXFileReference; lastKnownFileType = folder.assetcatalog; path = Assets.xcassets; sourceTree = "<group>"; };
		EC30942E27DBB24D00DEA6AB /* Base */ = {isa = PBXFileReference; lastKnownFileType = file.storyboard; name = Base; path = Base.lproj/LaunchScreen.storyboard; sourceTree = "<group>"; };
		EC30943027DBB24D00DEA6AB /* Info.plist */ = {isa = PBXFileReference; lastKnownFileType = text.plist.xml; path = Info.plist; sourceTree = "<group>"; };
		EC30945427DBCE1000DEA6AB /* UIView+Extensions.swift */ = {isa = PBXFileReference; lastKnownFileType = sourcecode.swift; path = "UIView+Extensions.swift"; sourceTree = "<group>"; };
		EC3B8ACF27DCA6990088D6A1 /* HomeViewController.swift */ = {isa = PBXFileReference; lastKnownFileType = sourcecode.swift; path = HomeViewController.swift; sourceTree = "<group>"; };
		EC3BAD5527DDD9A7006277B8 /* SystemTableViewCell.swift */ = {isa = PBXFileReference; lastKnownFileType = sourcecode.swift; path = SystemTableViewCell.swift; sourceTree = "<group>"; };
		EC3BAD5827DE0BD8006277B8 /* FormValidator.swift */ = {isa = PBXFileReference; lastKnownFileType = sourcecode.swift; path = FormValidator.swift; sourceTree = "<group>"; };
		EC3BAD5B27DE1453006277B8 /* NetworkService.swift */ = {isa = PBXFileReference; lastKnownFileType = sourcecode.swift; path = NetworkService.swift; sourceTree = "<group>"; };
		EC6A04C727DCC4EC00DE01E1 /* Item.swift */ = {isa = PBXFileReference; lastKnownFileType = sourcecode.swift; path = Item.swift; sourceTree = "<group>"; };
		EC6A04C927DCCC2C00DE01E1 /* SettingsViewController.swift */ = {isa = PBXFileReference; lastKnownFileType = sourcecode.swift; path = SettingsViewController.swift; sourceTree = "<group>"; };
		EC6A04CC27DCD48000DE01E1 /* SettingTableViewCell.swift */ = {isa = PBXFileReference; lastKnownFileType = sourcecode.swift; path = SettingTableViewCell.swift; sourceTree = "<group>"; };
		EC6A04CE27DCF5E500DE01E1 /* LegalViewController.swift */ = {isa = PBXFileReference; lastKnownFileType = sourcecode.swift; path = LegalViewController.swift; sourceTree = "<group>"; };
		EC6A04D027DD08B600DE01E1 /* SystemViewController.swift */ = {isa = PBXFileReference; lastKnownFileType = sourcecode.swift; path = SystemViewController.swift; sourceTree = "<group>"; };
		EC6A04D227DD292500DE01E1 /* LegalTableViewCell.swift */ = {isa = PBXFileReference; lastKnownFileType = sourcecode.swift; path = LegalTableViewCell.swift; sourceTree = "<group>"; };
		EC6A04D427DD2C2A00DE01E1 /* LegalItem.swift */ = {isa = PBXFileReference; lastKnownFileType = sourcecode.swift; path = LegalItem.swift; sourceTree = "<group>"; };
		ECB2569627DF954800FCC0BE /* MintyTests.xctest */ = {isa = PBXFileReference; explicitFileType = wrapper.cfbundle; includeInIndex = 0; path = MintyTests.xctest; sourceTree = BUILT_PRODUCTS_DIR; };
		ECB256B527DF958400FCC0BE /* NetworkServiceTests.swift */ = {isa = PBXFileReference; fileEncoding = 4; lastKnownFileType = sourcecode.swift; path = NetworkServiceTests.swift; sourceTree = "<group>"; };
		ECB256B727DF958400FCC0BE /* FormValidatorTests.swift */ = {isa = PBXFileReference; fileEncoding = 4; lastKnownFileType = sourcecode.swift; path = FormValidatorTests.swift; sourceTree = "<group>"; };
		ECB256CE27DF972C00FCC0BE /* MintyUITests.xctest */ = {isa = PBXFileReference; explicitFileType = wrapper.cfbundle; includeInIndex = 0; path = MintyUITests.xctest; sourceTree = BUILT_PRODUCTS_DIR; };
		ECB256D027DF972C00FCC0BE /* MintyUITests.swift */ = {isa = PBXFileReference; lastKnownFileType = sourcecode.swift; path = MintyUITests.swift; sourceTree = "<group>"; };
		ECB256D227DF972C00FCC0BE /* MintyUITestsLaunchTests.swift */ = {isa = PBXFileReference; lastKnownFileType = sourcecode.swift; path = MintyUITestsLaunchTests.swift; sourceTree = "<group>"; };
		FB1F99DE03460550BC4DC3E8 /* Pods_MintyTests.framework */ = {isa = PBXFileReference; explicitFileType = wrapper.framework; includeInIndex = 0; path = Pods_MintyTests.framework; sourceTree = BUILT_PRODUCTS_DIR; };
/* End PBXFileReference section */

/* Begin PBXFrameworksBuildPhase section */
		EC30941C27DBB24A00DEA6AB /* Frameworks */ = {
			isa = PBXFrameworksBuildPhase;
			buildActionMask = 2147483647;
			files = (
				81B914937DCC0A6A4183920A /* Pods_Minty.framework in Frameworks */,
			);
			runOnlyForDeploymentPostprocessing = 0;
		};
		ECB2569327DF954800FCC0BE /* Frameworks */ = {
			isa = PBXFrameworksBuildPhase;
			buildActionMask = 2147483647;
			files = (
				3AD94FD8DA28FEA1565A255D /* Pods_MintyTests.framework in Frameworks */,
			);
			runOnlyForDeploymentPostprocessing = 0;
		};
		ECB256CB27DF972C00FCC0BE /* Frameworks */ = {
			isa = PBXFrameworksBuildPhase;
			buildActionMask = 2147483647;
			files = (
				C65D95246C1768D90F4FF6C1 /* Pods_Minty_MintyUITests.framework in Frameworks */,
			);
			runOnlyForDeploymentPostprocessing = 0;
		};
/* End PBXFrameworksBuildPhase section */

/* Begin PBXGroup section */
		2C9367A3D04CE930D9E806B6 /* Frameworks */ = {
			isa = PBXGroup;
			children = (
				EC2003BB27DFADF600D2F331 /* SnapshotTesting.framework */,
				A1C585767380AAD6907F9723 /* Pods_Minty.framework */,
				0446D3C6526C7277D1E37F6E /* Pods_Minty_MintyUITests.framework */,
				FB1F99DE03460550BC4DC3E8 /* Pods_MintyTests.framework */,
			);
			name = Frameworks;
			sourceTree = "<group>";
		};
		BB79D5BC2FA3632E41A4EE90 /* Pods */ = {
			isa = PBXGroup;
			children = (
				84C7729F31897DE788E65292 /* Pods-Minty.debug.xcconfig */,
				07193DA60B99EE9487C41549 /* Pods-Minty.release.xcconfig */,
				0AA9F0430C29CBABF4DAFB5C /* Pods-Minty-MintyUITests.debug.xcconfig */,
				16CDCC4C0A37096547D0D17B /* Pods-Minty-MintyUITests.release.xcconfig */,
				2A90BA67D669C134CF9C1B70 /* Pods-MintyTests.debug.xcconfig */,
				1361F630FD3D59D80D99EE0F /* Pods-MintyTests.release.xcconfig */,
			);
			path = Pods;
			sourceTree = "<group>";
		};
		EC2003BF27DFAF8B00D2F331 /* Snapshot Tests */ = {
			isa = PBXGroup;
			children = (
				EC2003C027DFAF8B00D2F331 /* LegalViewControllerTests.swift */,
				EC2003C127DFAF8B00D2F331 /* SettingsViewControllerTests.swift */,
				EC2003C227DFAF8B00D2F331 /* LoginViewControllerTests.swift */,
			);
			name = "Snapshot Tests";
			path = "../../../../../Downloads/My tests/Snapshot Tests";
			sourceTree = "<group>";
		};
		EC30941627DBB24A00DEA6AB = {
			isa = PBXGroup;
			children = (
				EC30942127DBB24A00DEA6AB /* Minty */,
				ECB2569727DF954800FCC0BE /* MintyTests */,
				ECB256CF27DF972C00FCC0BE /* MintyUITests */,
				EC30942027DBB24A00DEA6AB /* Products */,
				BB79D5BC2FA3632E41A4EE90 /* Pods */,
				2C9367A3D04CE930D9E806B6 /* Frameworks */,
			);
			sourceTree = "<group>";
		};
		EC30942027DBB24A00DEA6AB /* Products */ = {
			isa = PBXGroup;
			children = (
				EC30941F27DBB24A00DEA6AB /* Minty.app */,
				ECB2569627DF954800FCC0BE /* MintyTests.xctest */,
				ECB256CE27DF972C00FCC0BE /* MintyUITests.xctest */,
			);
			name = Products;
			sourceTree = "<group>";
		};
		EC30942127DBB24A00DEA6AB /* Minty */ = {
			isa = PBXGroup;
			children = (
				EC30942227DBB24A00DEA6AB /* AppDelegate.swift */,
				EC30942427DBB24A00DEA6AB /* SceneDelegate.swift */,
				EC3BAD5A27DE143A006277B8 /* Networking */,
				EC6A04C627DCC4D700DE01E1 /* Model */,
				EC6A04CB27DCD46100DE01E1 /* Views */,
				EC30945627DBCE2900DEA6AB /* Controller */,
				EC30945327DBCDF700DEA6AB /* Extensions */,
				EC3BAD5727DE0BA1006277B8 /* Helpers */,
				EC30942827DBB24A00DEA6AB /* Main.storyboard */,
				EC30942B27DBB24D00DEA6AB /* Assets.xcassets */,
				EC30942D27DBB24D00DEA6AB /* LaunchScreen.storyboard */,
				EC30943027DBB24D00DEA6AB /* Info.plist */,
			);
			path = Minty;
			sourceTree = "<group>";
		};
		EC30945327DBCDF700DEA6AB /* Extensions */ = {
			isa = PBXGroup;
			children = (
				EC30945427DBCE1000DEA6AB /* UIView+Extensions.swift */,
			);
			path = Extensions;
			sourceTree = "<group>";
		};
		EC30945627DBCE2900DEA6AB /* Controller */ = {
			isa = PBXGroup;
			children = (
				EC30942627DBB24A00DEA6AB /* LoginViewController.swift */,
				EC3B8ACF27DCA6990088D6A1 /* HomeViewController.swift */,
				EC6A04C927DCCC2C00DE01E1 /* SettingsViewController.swift */,
				EC6A04CE27DCF5E500DE01E1 /* LegalViewController.swift */,
				EC6A04D027DD08B600DE01E1 /* SystemViewController.swift */,
			);
			path = Controller;
			sourceTree = "<group>";
		};
		EC3BAD5727DE0BA1006277B8 /* Helpers */ = {
			isa = PBXGroup;
			children = (
				EC3BAD5827DE0BD8006277B8 /* FormValidator.swift */,
			);
			path = Helpers;
			sourceTree = "<group>";
		};
		EC3BAD5A27DE143A006277B8 /* Networking */ = {
			isa = PBXGroup;
			children = (
				EC3BAD5B27DE1453006277B8 /* NetworkService.swift */,
			);
			path = Networking;
			sourceTree = "<group>";
		};
		EC6A04C627DCC4D700DE01E1 /* Model */ = {
			isa = PBXGroup;
			children = (
				EC6A04C727DCC4EC00DE01E1 /* Item.swift */,
				EC6A04D427DD2C2A00DE01E1 /* LegalItem.swift */,
			);
			path = Model;
			sourceTree = "<group>";
		};
		EC6A04CB27DCD46100DE01E1 /* Views */ = {
			isa = PBXGroup;
			children = (
				EC6A04CC27DCD48000DE01E1 /* SettingTableViewCell.swift */,
				EC6A04D227DD292500DE01E1 /* LegalTableViewCell.swift */,
				EC3BAD5527DDD9A7006277B8 /* SystemTableViewCell.swift */,
			);
			path = Views;
			sourceTree = "<group>";
		};
		ECB2569727DF954800FCC0BE /* MintyTests */ = {
			isa = PBXGroup;
			children = (
				EC2003BF27DFAF8B00D2F331 /* Snapshot Tests */,
				ECB256B427DF958400FCC0BE /* Network Service Tests */,
				ECB256B627DF958400FCC0BE /* Unit Tests */,
			);
			path = MintyTests;
			sourceTree = "<group>";
		};
		ECB256B427DF958400FCC0BE /* Network Service Tests */ = {
			isa = PBXGroup;
			children = (
				ECB256B527DF958400FCC0BE /* NetworkServiceTests.swift */,
			);
			path = "Network Service Tests";
			sourceTree = "<group>";
		};
		ECB256B627DF958400FCC0BE /* Unit Tests */ = {
			isa = PBXGroup;
			children = (
				ECB256B727DF958400FCC0BE /* FormValidatorTests.swift */,
			);
			path = "Unit Tests";
			sourceTree = "<group>";
		};
		ECB256CF27DF972C00FCC0BE /* MintyUITests */ = {
			isa = PBXGroup;
			children = (
				ECB256D027DF972C00FCC0BE /* MintyUITests.swift */,
				ECB256D227DF972C00FCC0BE /* MintyUITestsLaunchTests.swift */,
			);
			path = MintyUITests;
			sourceTree = "<group>";
		};
/* End PBXGroup section */

/* Begin PBXNativeTarget section */
		EC30941E27DBB24A00DEA6AB /* Minty */ = {
			isa = PBXNativeTarget;
			buildConfigurationList = EC30944927DBB24E00DEA6AB /* Build configuration list for PBXNativeTarget "Minty" */;
			buildPhases = (
				C380593C0D6A48B357793A35 /* [CP] Check Pods Manifest.lock */,
				EC30941B27DBB24A00DEA6AB /* Sources */,
				EC30941C27DBB24A00DEA6AB /* Frameworks */,
				EC30941D27DBB24A00DEA6AB /* Resources */,
				57153866A8F8221509D2093E /* [CP] Embed Pods Frameworks */,
			);
			buildRules = (
			);
			dependencies = (
			);
			name = Minty;
			productName = Minty;
			productReference = EC30941F27DBB24A00DEA6AB /* Minty.app */;
			productType = "com.apple.product-type.application";
		};
		ECB2569527DF954800FCC0BE /* MintyTests */ = {
			isa = PBXNativeTarget;
			buildConfigurationList = ECB2569E27DF954800FCC0BE /* Build configuration list for PBXNativeTarget "MintyTests" */;
			buildPhases = (
				FB1E536E9FBF060BE042EEA6 /* [CP] Check Pods Manifest.lock */,
				ECB2569227DF954800FCC0BE /* Sources */,
				ECB2569327DF954800FCC0BE /* Frameworks */,
				ECB2569427DF954800FCC0BE /* Resources */,
				EB187D85F67F330E4CA27342 /* [CP] Embed Pods Frameworks */,
			);
			buildRules = (
			);
			dependencies = (
				ECB2569B27DF954800FCC0BE /* PBXTargetDependency */,
			);
			name = MintyTests;
			productName = MintyTests;
			productReference = ECB2569627DF954800FCC0BE /* MintyTests.xctest */;
			productType = "com.apple.product-type.bundle.unit-test";
		};
		ECB256CD27DF972C00FCC0BE /* MintyUITests */ = {
			isa = PBXNativeTarget;
			buildConfigurationList = ECB256D827DF972C00FCC0BE /* Build configuration list for PBXNativeTarget "MintyUITests" */;
			buildPhases = (
				C97BE623BDAF12BCD9E7072E /* [CP] Check Pods Manifest.lock */,
				ECB256CA27DF972C00FCC0BE /* Sources */,
				ECB256CB27DF972C00FCC0BE /* Frameworks */,
				ECB256CC27DF972C00FCC0BE /* Resources */,
				8932C9099A9905066A786F89 /* [CP] Embed Pods Frameworks */,
			);
			buildRules = (
			);
			dependencies = (
				ECB256D527DF972C00FCC0BE /* PBXTargetDependency */,
			);
			name = MintyUITests;
			productName = MintyUITests;
			productReference = ECB256CE27DF972C00FCC0BE /* MintyUITests.xctest */;
			productType = "com.apple.product-type.bundle.ui-testing";
		};
/* End PBXNativeTarget section */

/* Begin PBXProject section */
		EC30941727DBB24A00DEA6AB /* Project object */ = {
			isa = PBXProject;
			attributes = {
				BuildIndependentTargetsInParallel = 1;
				LastSwiftUpdateCheck = 1320;
				LastUpgradeCheck = 1320;
				TargetAttributes = {
					EC30941E27DBB24A00DEA6AB = {
						CreatedOnToolsVersion = 13.2.1;
					};
					ECB2569527DF954800FCC0BE = {
						CreatedOnToolsVersion = 13.2.1;
						TestTargetID = EC30941E27DBB24A00DEA6AB;
					};
					ECB256CD27DF972C00FCC0BE = {
						CreatedOnToolsVersion = 13.2.1;
						TestTargetID = EC30941E27DBB24A00DEA6AB;
					};
				};
			};
			buildConfigurationList = EC30941A27DBB24A00DEA6AB /* Build configuration list for PBXProject "Minty" */;
			compatibilityVersion = "Xcode 13.0";
			developmentRegion = en;
			hasScannedForEncodings = 0;
			knownRegions = (
				en,
				Base,
			);
			mainGroup = EC30941627DBB24A00DEA6AB;
			productRefGroup = EC30942027DBB24A00DEA6AB /* Products */;
			projectDirPath = "";
			projectRoot = "";
			targets = (
				EC30941E27DBB24A00DEA6AB /* Minty */,
				ECB2569527DF954800FCC0BE /* MintyTests */,
				ECB256CD27DF972C00FCC0BE /* MintyUITests */,
			);
		};
/* End PBXProject section */

/* Begin PBXResourcesBuildPhase section */
		EC30941D27DBB24A00DEA6AB /* Resources */ = {
			isa = PBXResourcesBuildPhase;
			buildActionMask = 2147483647;
			files = (
				EC30942F27DBB24D00DEA6AB /* LaunchScreen.storyboard in Resources */,
				EC30942C27DBB24D00DEA6AB /* Assets.xcassets in Resources */,
				EC30942A27DBB24A00DEA6AB /* Main.storyboard in Resources */,
			);
			runOnlyForDeploymentPostprocessing = 0;
		};
		ECB2569427DF954800FCC0BE /* Resources */ = {
			isa = PBXResourcesBuildPhase;
			buildActionMask = 2147483647;
			files = (
			);
			runOnlyForDeploymentPostprocessing = 0;
		};
		ECB256CC27DF972C00FCC0BE /* Resources */ = {
			isa = PBXResourcesBuildPhase;
			buildActionMask = 2147483647;
			files = (
			);
			runOnlyForDeploymentPostprocessing = 0;
		};
/* End PBXResourcesBuildPhase section */

/* Begin PBXShellScriptBuildPhase section */
		57153866A8F8221509D2093E /* [CP] Embed Pods Frameworks */ = {
			isa = PBXShellScriptBuildPhase;
			buildActionMask = 2147483647;
			files = (
			);
			inputFileListPaths = (
				"${PODS_ROOT}/Target Support Files/Pods-Minty/Pods-Minty-frameworks-${CONFIGURATION}-input-files.xcfilelist",
			);
			name = "[CP] Embed Pods Frameworks";
			outputFileListPaths = (
				"${PODS_ROOT}/Target Support Files/Pods-Minty/Pods-Minty-frameworks-${CONFIGURATION}-output-files.xcfilelist",
			);
			runOnlyForDeploymentPostprocessing = 0;
			shellPath = /bin/sh;
			shellScript = "\"${PODS_ROOT}/Target Support Files/Pods-Minty/Pods-Minty-frameworks.sh\"\n";
			showEnvVarsInLog = 0;
		};
		8932C9099A9905066A786F89 /* [CP] Embed Pods Frameworks */ = {
			isa = PBXShellScriptBuildPhase;
			buildActionMask = 2147483647;
			files = (
			);
			inputFileListPaths = (
				"${PODS_ROOT}/Target Support Files/Pods-Minty-MintyUITests/Pods-Minty-MintyUITests-frameworks-${CONFIGURATION}-input-files.xcfilelist",
			);
			name = "[CP] Embed Pods Frameworks";
			outputFileListPaths = (
				"${PODS_ROOT}/Target Support Files/Pods-Minty-MintyUITests/Pods-Minty-MintyUITests-frameworks-${CONFIGURATION}-output-files.xcfilelist",
			);
			runOnlyForDeploymentPostprocessing = 0;
			shellPath = /bin/sh;
			shellScript = "\"${PODS_ROOT}/Target Support Files/Pods-Minty-MintyUITests/Pods-Minty-MintyUITests-frameworks.sh\"\n";
			showEnvVarsInLog = 0;
		};
		C380593C0D6A48B357793A35 /* [CP] Check Pods Manifest.lock */ = {
			isa = PBXShellScriptBuildPhase;
			buildActionMask = 2147483647;
			files = (
			);
			inputFileListPaths = (
			);
			inputPaths = (
				"${PODS_PODFILE_DIR_PATH}/Podfile.lock",
				"${PODS_ROOT}/Manifest.lock",
			);
			name = "[CP] Check Pods Manifest.lock";
			outputFileListPaths = (
			);
			outputPaths = (
				"$(DERIVED_FILE_DIR)/Pods-Minty-checkManifestLockResult.txt",
			);
			runOnlyForDeploymentPostprocessing = 0;
			shellPath = /bin/sh;
			shellScript = "diff \"${PODS_PODFILE_DIR_PATH}/Podfile.lock\" \"${PODS_ROOT}/Manifest.lock\" > /dev/null\nif [ $? != 0 ] ; then\n    # print error to STDERR\n    echo \"error: The sandbox is not in sync with the Podfile.lock. Run 'pod install' or update your CocoaPods installation.\" >&2\n    exit 1\nfi\n# This output is used by Xcode 'outputs' to avoid re-running this script phase.\necho \"SUCCESS\" > \"${SCRIPT_OUTPUT_FILE_0}\"\n";
			showEnvVarsInLog = 0;
		};
		C97BE623BDAF12BCD9E7072E /* [CP] Check Pods Manifest.lock */ = {
			isa = PBXShellScriptBuildPhase;
			buildActionMask = 2147483647;
			files = (
			);
			inputFileListPaths = (
			);
			inputPaths = (
				"${PODS_PODFILE_DIR_PATH}/Podfile.lock",
				"${PODS_ROOT}/Manifest.lock",
			);
			name = "[CP] Check Pods Manifest.lock";
			outputFileListPaths = (
			);
			outputPaths = (
				"$(DERIVED_FILE_DIR)/Pods-Minty-MintyUITests-checkManifestLockResult.txt",
			);
			runOnlyForDeploymentPostprocessing = 0;
			shellPath = /bin/sh;
			shellScript = "diff \"${PODS_PODFILE_DIR_PATH}/Podfile.lock\" \"${PODS_ROOT}/Manifest.lock\" > /dev/null\nif [ $? != 0 ] ; then\n    # print error to STDERR\n    echo \"error: The sandbox is not in sync with the Podfile.lock. Run 'pod install' or update your CocoaPods installation.\" >&2\n    exit 1\nfi\n# This output is used by Xcode 'outputs' to avoid re-running this script phase.\necho \"SUCCESS\" > \"${SCRIPT_OUTPUT_FILE_0}\"\n";
			showEnvVarsInLog = 0;
		};
		EB187D85F67F330E4CA27342 /* [CP] Embed Pods Frameworks */ = {
			isa = PBXShellScriptBuildPhase;
			buildActionMask = 2147483647;
			files = (
			);
			inputFileListPaths = (
				"${PODS_ROOT}/Target Support Files/Pods-MintyTests/Pods-MintyTests-frameworks-${CONFIGURATION}-input-files.xcfilelist",
			);
			name = "[CP] Embed Pods Frameworks";
			outputFileListPaths = (
				"${PODS_ROOT}/Target Support Files/Pods-MintyTests/Pods-MintyTests-frameworks-${CONFIGURATION}-output-files.xcfilelist",
			);
			runOnlyForDeploymentPostprocessing = 0;
			shellPath = /bin/sh;
			shellScript = "\"${PODS_ROOT}/Target Support Files/Pods-MintyTests/Pods-MintyTests-frameworks.sh\"\n";
			showEnvVarsInLog = 0;
		};
		FB1E536E9FBF060BE042EEA6 /* [CP] Check Pods Manifest.lock */ = {
			isa = PBXShellScriptBuildPhase;
			buildActionMask = 2147483647;
			files = (
			);
			inputFileListPaths = (
			);
			inputPaths = (
				"${PODS_PODFILE_DIR_PATH}/Podfile.lock",
				"${PODS_ROOT}/Manifest.lock",
			);
			name = "[CP] Check Pods Manifest.lock";
			outputFileListPaths = (
			);
			outputPaths = (
				"$(DERIVED_FILE_DIR)/Pods-MintyTests-checkManifestLockResult.txt",
			);
			runOnlyForDeploymentPostprocessing = 0;
			shellPath = /bin/sh;
			shellScript = "diff \"${PODS_PODFILE_DIR_PATH}/Podfile.lock\" \"${PODS_ROOT}/Manifest.lock\" > /dev/null\nif [ $? != 0 ] ; then\n    # print error to STDERR\n    echo \"error: The sandbox is not in sync with the Podfile.lock. Run 'pod install' or update your CocoaPods installation.\" >&2\n    exit 1\nfi\n# This output is used by Xcode 'outputs' to avoid re-running this script phase.\necho \"SUCCESS\" > \"${SCRIPT_OUTPUT_FILE_0}\"\n";
			showEnvVarsInLog = 0;
		};
/* End PBXShellScriptBuildPhase section */

/* Begin PBXSourcesBuildPhase section */
		EC30941B27DBB24A00DEA6AB /* Sources */ = {
			isa = PBXSourcesBuildPhase;
			buildActionMask = 2147483647;
			files = (
				EC3BAD5927DE0BD8006277B8 /* FormValidator.swift in Sources */,
				EC6A04D327DD292500DE01E1 /* LegalTableViewCell.swift in Sources */,
				EC3B8AD027DCA6990088D6A1 /* HomeViewController.swift in Sources */,
				EC6A04CF27DCF5E500DE01E1 /* LegalViewController.swift in Sources */,
				EC30942727DBB24A00DEA6AB /* LoginViewController.swift in Sources */,
				EC6A04C827DCC4EC00DE01E1 /* Item.swift in Sources */,
				EC30942327DBB24A00DEA6AB /* AppDelegate.swift in Sources */,
				EC6A04D527DD2C2A00DE01E1 /* LegalItem.swift in Sources */,
				EC30945527DBCE1000DEA6AB /* UIView+Extensions.swift in Sources */,
				EC30942527DBB24A00DEA6AB /* SceneDelegate.swift in Sources */,
				EC3BAD5C27DE1454006277B8 /* NetworkService.swift in Sources */,
				EC3BAD5627DDD9A7006277B8 /* SystemTableViewCell.swift in Sources */,
				EC6A04D127DD08B600DE01E1 /* SystemViewController.swift in Sources */,
				EC6A04CD27DCD48000DE01E1 /* SettingTableViewCell.swift in Sources */,
				EC6A04CA27DCCC2C00DE01E1 /* SettingsViewController.swift in Sources */,
			);
			runOnlyForDeploymentPostprocessing = 0;
		};
		ECB2569227DF954800FCC0BE /* Sources */ = {
			isa = PBXSourcesBuildPhase;
			buildActionMask = 2147483647;
			files = (
				ECB256C827DF958400FCC0BE /* NetworkServiceTests.swift in Sources */,
				EC2003D527DFAF8B00D2F331 /* SettingsViewControllerTests.swift in Sources */,
				ECB256C927DF958400FCC0BE /* FormValidatorTests.swift in Sources */,
				EC2003D627DFAF8B00D2F331 /* LoginViewControllerTests.swift in Sources */,
				EC2003D427DFAF8B00D2F331 /* LegalViewControllerTests.swift in Sources */,
			);
			runOnlyForDeploymentPostprocessing = 0;
		};
		ECB256CA27DF972C00FCC0BE /* Sources */ = {
			isa = PBXSourcesBuildPhase;
			buildActionMask = 2147483647;
			files = (
				ECB256D327DF972C00FCC0BE /* MintyUITestsLaunchTests.swift in Sources */,
				ECB256D127DF972C00FCC0BE /* MintyUITests.swift in Sources */,
			);
			runOnlyForDeploymentPostprocessing = 0;
		};
/* End PBXSourcesBuildPhase section */

/* Begin PBXTargetDependency section */
		ECB2569B27DF954800FCC0BE /* PBXTargetDependency */ = {
			isa = PBXTargetDependency;
			target = EC30941E27DBB24A00DEA6AB /* Minty */;
			targetProxy = ECB2569A27DF954800FCC0BE /* PBXContainerItemProxy */;
		};
		ECB256D527DF972C00FCC0BE /* PBXTargetDependency */ = {
			isa = PBXTargetDependency;
			target = EC30941E27DBB24A00DEA6AB /* Minty */;
			targetProxy = ECB256D427DF972C00FCC0BE /* PBXContainerItemProxy */;
		};
/* End PBXTargetDependency section */

/* Begin PBXVariantGroup section */
		EC30942827DBB24A00DEA6AB /* Main.storyboard */ = {
			isa = PBXVariantGroup;
			children = (
				EC30942927DBB24A00DEA6AB /* Base */,
			);
			name = Main.storyboard;
			sourceTree = "<group>";
		};
		EC30942D27DBB24D00DEA6AB /* LaunchScreen.storyboard */ = {
			isa = PBXVariantGroup;
			children = (
				EC30942E27DBB24D00DEA6AB /* Base */,
			);
			name = LaunchScreen.storyboard;
			sourceTree = "<group>";
		};
/* End PBXVariantGroup section */

/* Begin XCBuildConfiguration section */
		EC30944727DBB24E00DEA6AB /* Debug */ = {
			isa = XCBuildConfiguration;
			buildSettings = {
				ALWAYS_SEARCH_USER_PATHS = NO;
				CLANG_ANALYZER_NONNULL = YES;
				CLANG_ANALYZER_NUMBER_OBJECT_CONVERSION = YES_AGGRESSIVE;
				CLANG_CXX_LANGUAGE_STANDARD = "gnu++17";
				CLANG_CXX_LIBRARY = "libc++";
				CLANG_ENABLE_MODULES = YES;
				CLANG_ENABLE_OBJC_ARC = YES;
				CLANG_ENABLE_OBJC_WEAK = YES;
				CLANG_WARN_BLOCK_CAPTURE_AUTORELEASING = YES;
				CLANG_WARN_BOOL_CONVERSION = YES;
				CLANG_WARN_COMMA = YES;
				CLANG_WARN_CONSTANT_CONVERSION = YES;
				CLANG_WARN_DEPRECATED_OBJC_IMPLEMENTATIONS = YES;
				CLANG_WARN_DIRECT_OBJC_ISA_USAGE = YES_ERROR;
				CLANG_WARN_DOCUMENTATION_COMMENTS = YES;
				CLANG_WARN_EMPTY_BODY = YES;
				CLANG_WARN_ENUM_CONVERSION = YES;
				CLANG_WARN_INFINITE_RECURSION = YES;
				CLANG_WARN_INT_CONVERSION = YES;
				CLANG_WARN_NON_LITERAL_NULL_CONVERSION = YES;
				CLANG_WARN_OBJC_IMPLICIT_RETAIN_SELF = YES;
				CLANG_WARN_OBJC_LITERAL_CONVERSION = YES;
				CLANG_WARN_OBJC_ROOT_CLASS = YES_ERROR;
				CLANG_WARN_QUOTED_INCLUDE_IN_FRAMEWORK_HEADER = YES;
				CLANG_WARN_RANGE_LOOP_ANALYSIS = YES;
				CLANG_WARN_STRICT_PROTOTYPES = YES;
				CLANG_WARN_SUSPICIOUS_MOVE = YES;
				CLANG_WARN_UNGUARDED_AVAILABILITY = YES_AGGRESSIVE;
				CLANG_WARN_UNREACHABLE_CODE = YES;
				CLANG_WARN__DUPLICATE_METHOD_MATCH = YES;
				COPY_PHASE_STRIP = NO;
				DEBUG_INFORMATION_FORMAT = dwarf;
				ENABLE_STRICT_OBJC_MSGSEND = YES;
				ENABLE_TESTABILITY = YES;
				GCC_C_LANGUAGE_STANDARD = gnu11;
				GCC_DYNAMIC_NO_PIC = NO;
				GCC_NO_COMMON_BLOCKS = YES;
				GCC_OPTIMIZATION_LEVEL = 0;
				GCC_PREPROCESSOR_DEFINITIONS = (
					"DEBUG=1",
					"$(inherited)",
				);
				GCC_WARN_64_TO_32_BIT_CONVERSION = YES;
				GCC_WARN_ABOUT_RETURN_TYPE = YES_ERROR;
				GCC_WARN_UNDECLARED_SELECTOR = YES;
				GCC_WARN_UNINITIALIZED_AUTOS = YES_AGGRESSIVE;
				GCC_WARN_UNUSED_FUNCTION = YES;
				GCC_WARN_UNUSED_VARIABLE = YES;
				IPHONEOS_DEPLOYMENT_TARGET = 15.2;
				MTL_ENABLE_DEBUG_INFO = INCLUDE_SOURCE;
				MTL_FAST_MATH = YES;
				ONLY_ACTIVE_ARCH = YES;
				SDKROOT = iphoneos;
				SWIFT_ACTIVE_COMPILATION_CONDITIONS = DEBUG;
				SWIFT_OPTIMIZATION_LEVEL = "-Onone";
			};
			name = Debug;
		};
		EC30944827DBB24E00DEA6AB /* Release */ = {
			isa = XCBuildConfiguration;
			buildSettings = {
				ALWAYS_SEARCH_USER_PATHS = NO;
				CLANG_ANALYZER_NONNULL = YES;
				CLANG_ANALYZER_NUMBER_OBJECT_CONVERSION = YES_AGGRESSIVE;
				CLANG_CXX_LANGUAGE_STANDARD = "gnu++17";
				CLANG_CXX_LIBRARY = "libc++";
				CLANG_ENABLE_MODULES = YES;
				CLANG_ENABLE_OBJC_ARC = YES;
				CLANG_ENABLE_OBJC_WEAK = YES;
				CLANG_WARN_BLOCK_CAPTURE_AUTORELEASING = YES;
				CLANG_WARN_BOOL_CONVERSION = YES;
				CLANG_WARN_COMMA = YES;
				CLANG_WARN_CONSTANT_CONVERSION = YES;
				CLANG_WARN_DEPRECATED_OBJC_IMPLEMENTATIONS = YES;
				CLANG_WARN_DIRECT_OBJC_ISA_USAGE = YES_ERROR;
				CLANG_WARN_DOCUMENTATION_COMMENTS = YES;
				CLANG_WARN_EMPTY_BODY = YES;
				CLANG_WARN_ENUM_CONVERSION = YES;
				CLANG_WARN_INFINITE_RECURSION = YES;
				CLANG_WARN_INT_CONVERSION = YES;
				CLANG_WARN_NON_LITERAL_NULL_CONVERSION = YES;
				CLANG_WARN_OBJC_IMPLICIT_RETAIN_SELF = YES;
				CLANG_WARN_OBJC_LITERAL_CONVERSION = YES;
				CLANG_WARN_OBJC_ROOT_CLASS = YES_ERROR;
				CLANG_WARN_QUOTED_INCLUDE_IN_FRAMEWORK_HEADER = YES;
				CLANG_WARN_RANGE_LOOP_ANALYSIS = YES;
				CLANG_WARN_STRICT_PROTOTYPES = YES;
				CLANG_WARN_SUSPICIOUS_MOVE = YES;
				CLANG_WARN_UNGUARDED_AVAILABILITY = YES_AGGRESSIVE;
				CLANG_WARN_UNREACHABLE_CODE = YES;
				CLANG_WARN__DUPLICATE_METHOD_MATCH = YES;
				COPY_PHASE_STRIP = NO;
				DEBUG_INFORMATION_FORMAT = "dwarf-with-dsym";
				ENABLE_NS_ASSERTIONS = NO;
				ENABLE_STRICT_OBJC_MSGSEND = YES;
				GCC_C_LANGUAGE_STANDARD = gnu11;
				GCC_NO_COMMON_BLOCKS = YES;
				GCC_WARN_64_TO_32_BIT_CONVERSION = YES;
				GCC_WARN_ABOUT_RETURN_TYPE = YES_ERROR;
				GCC_WARN_UNDECLARED_SELECTOR = YES;
				GCC_WARN_UNINITIALIZED_AUTOS = YES_AGGRESSIVE;
				GCC_WARN_UNUSED_FUNCTION = YES;
				GCC_WARN_UNUSED_VARIABLE = YES;
				IPHONEOS_DEPLOYMENT_TARGET = 15.2;
				MTL_ENABLE_DEBUG_INFO = NO;
				MTL_FAST_MATH = YES;
				SDKROOT = iphoneos;
				SWIFT_COMPILATION_MODE = wholemodule;
				SWIFT_OPTIMIZATION_LEVEL = "-O";
				VALIDATE_PRODUCT = YES;
			};
			name = Release;
		};
		EC30944A27DBB24E00DEA6AB /* Debug */ = {
			isa = XCBuildConfiguration;
			baseConfigurationReference = 84C7729F31897DE788E65292 /* Pods-Minty.debug.xcconfig */;
			buildSettings = {
				ASSETCATALOG_COMPILER_APPICON_NAME = AppIcon;
				ASSETCATALOG_COMPILER_GLOBAL_ACCENT_COLOR_NAME = AccentColor;
				CODE_SIGN_STYLE = Automatic;
				CURRENT_PROJECT_VERSION = 1;
				DEVELOPMENT_TEAM = RT459C64W3;
				GENERATE_INFOPLIST_FILE = YES;
				INFOPLIST_FILE = Minty/Info.plist;
				INFOPLIST_KEY_UIApplicationSupportsIndirectInputEvents = YES;
				INFOPLIST_KEY_UILaunchStoryboardName = LaunchScreen;
				INFOPLIST_KEY_UIMainStoryboardFile = Main;
				INFOPLIST_KEY_UISupportedInterfaceOrientations = UIInterfaceOrientationPortrait;
				INFOPLIST_KEY_UISupportedInterfaceOrientations_iPad = "UIInterfaceOrientationPortrait UIInterfaceOrientationPortraitUpsideDown UIInterfaceOrientationLandscapeLeft UIInterfaceOrientationLandscapeRight";
				INFOPLIST_KEY_UISupportedInterfaceOrientations_iPhone = "UIInterfaceOrientationPortrait UIInterfaceOrientationLandscapeLeft UIInterfaceOrientationLandscapeRight";
				LD_RUNPATH_SEARCH_PATHS = (
					"$(inherited)",
					"@executable_path/Frameworks",
				);
				MARKETING_VERSION = 1.0;
				PRODUCT_BUNDLE_IDENTIFIER = interview.Minty;
				PRODUCT_NAME = "$(TARGET_NAME)";
				SWIFT_EMIT_LOC_STRINGS = YES;
				SWIFT_VERSION = 5.0;
				TARGETED_DEVICE_FAMILY = "1,2";
			};
			name = Debug;
		};
		EC30944B27DBB24E00DEA6AB /* Release */ = {
			isa = XCBuildConfiguration;
			baseConfigurationReference = 07193DA60B99EE9487C41549 /* Pods-Minty.release.xcconfig */;
			buildSettings = {
				ASSETCATALOG_COMPILER_APPICON_NAME = AppIcon;
				ASSETCATALOG_COMPILER_GLOBAL_ACCENT_COLOR_NAME = AccentColor;
				CODE_SIGN_STYLE = Automatic;
				CURRENT_PROJECT_VERSION = 1;
				DEVELOPMENT_TEAM = RT459C64W3;
				GENERATE_INFOPLIST_FILE = YES;
				INFOPLIST_FILE = Minty/Info.plist;
				INFOPLIST_KEY_UIApplicationSupportsIndirectInputEvents = YES;
				INFOPLIST_KEY_UILaunchStoryboardName = LaunchScreen;
				INFOPLIST_KEY_UIMainStoryboardFile = Main;
				INFOPLIST_KEY_UISupportedInterfaceOrientations = UIInterfaceOrientationPortrait;
				INFOPLIST_KEY_UISupportedInterfaceOrientations_iPad = "UIInterfaceOrientationPortrait UIInterfaceOrientationPortraitUpsideDown UIInterfaceOrientationLandscapeLeft UIInterfaceOrientationLandscapeRight";
				INFOPLIST_KEY_UISupportedInterfaceOrientations_iPhone = "UIInterfaceOrientationPortrait UIInterfaceOrientationLandscapeLeft UIInterfaceOrientationLandscapeRight";
				LD_RUNPATH_SEARCH_PATHS = (
					"$(inherited)",
					"@executable_path/Frameworks",
				);
				MARKETING_VERSION = 1.0;
				PRODUCT_BUNDLE_IDENTIFIER = interview.Minty;
				PRODUCT_NAME = "$(TARGET_NAME)";
				SWIFT_EMIT_LOC_STRINGS = YES;
				SWIFT_VERSION = 5.0;
				TARGETED_DEVICE_FAMILY = "1,2";
			};
			name = Release;
		};
		ECB2569C27DF954800FCC0BE /* Debug */ = {
			isa = XCBuildConfiguration;
			baseConfigurationReference = 2A90BA67D669C134CF9C1B70 /* Pods-MintyTests.debug.xcconfig */;
			buildSettings = {
				BUNDLE_LOADER = "$(TEST_HOST)";
				CODE_SIGN_STYLE = Automatic;
				CURRENT_PROJECT_VERSION = 1;
				GENERATE_INFOPLIST_FILE = YES;
				MARKETING_VERSION = 1.0;
				PRODUCT_BUNDLE_IDENTIFIER = interview.MintyTests;
				PRODUCT_NAME = "$(TARGET_NAME)";
				SWIFT_EMIT_LOC_STRINGS = NO;
				SWIFT_VERSION = 5.0;
				TARGETED_DEVICE_FAMILY = "1,2";
				TEST_HOST = "$(BUILT_PRODUCTS_DIR)/Minty.app/Minty";
			};
			name = Debug;
		};
		ECB2569D27DF954800FCC0BE /* Release */ = {
			isa = XCBuildConfiguration;
			baseConfigurationReference = 1361F630FD3D59D80D99EE0F /* Pods-MintyTests.release.xcconfig */;
			buildSettings = {
				BUNDLE_LOADER = "$(TEST_HOST)";
				CODE_SIGN_STYLE = Automatic;
				CURRENT_PROJECT_VERSION = 1;
				GENERATE_INFOPLIST_FILE = YES;
				MARKETING_VERSION = 1.0;
				PRODUCT_BUNDLE_IDENTIFIER = interview.MintyTests;
				PRODUCT_NAME = "$(TARGET_NAME)";
				SWIFT_EMIT_LOC_STRINGS = NO;
				SWIFT_VERSION = 5.0;
				TARGETED_DEVICE_FAMILY = "1,2";
				TEST_HOST = "$(BUILT_PRODUCTS_DIR)/Minty.app/Minty";
			};
			name = Release;
		};
		ECB256D627DF972C00FCC0BE /* Debug */ = {
			isa = XCBuildConfiguration;
			baseConfigurationReference = 0AA9F0430C29CBABF4DAFB5C /* Pods-Minty-MintyUITests.debug.xcconfig */;
			buildSettings = {
				CODE_SIGN_STYLE = Automatic;
				CURRENT_PROJECT_VERSION = 1;
				GENERATE_INFOPLIST_FILE = YES;
				MARKETING_VERSION = 1.0;
				PRODUCT_BUNDLE_IDENTIFIER = interview.MintyUITests;
				PRODUCT_NAME = "$(TARGET_NAME)";
				SWIFT_EMIT_LOC_STRINGS = NO;
				SWIFT_VERSION = 5.0;
				TARGETED_DEVICE_FAMILY = "1,2";
				TEST_TARGET_NAME = Minty;
			};
			name = Debug;
		};
		ECB256D727DF972C00FCC0BE /* Release */ = {
			isa = XCBuildConfiguration;
			baseConfigurationReference = 16CDCC4C0A37096547D0D17B /* Pods-Minty-MintyUITests.release.xcconfig */;
			buildSettings = {
				CODE_SIGN_STYLE = Automatic;
				CURRENT_PROJECT_VERSION = 1;
				GENERATE_INFOPLIST_FILE = YES;
				MARKETING_VERSION = 1.0;
				PRODUCT_BUNDLE_IDENTIFIER = interview.MintyUITests;
				PRODUCT_NAME = "$(TARGET_NAME)";
				SWIFT_EMIT_LOC_STRINGS = NO;
				SWIFT_VERSION = 5.0;
				TARGETED_DEVICE_FAMILY = "1,2";
				TEST_TARGET_NAME = Minty;
			};
			name = Release;
		};
/* End XCBuildConfiguration section */

/* Begin XCConfigurationList section */
		EC30941A27DBB24A00DEA6AB /* Build configuration list for PBXProject "Minty" */ = {
			isa = XCConfigurationList;
			buildConfigurations = (
				EC30944727DBB24E00DEA6AB /* Debug */,
				EC30944827DBB24E00DEA6AB /* Release */,
			);
			defaultConfigurationIsVisible = 0;
			defaultConfigurationName = Release;
		};
		EC30944927DBB24E00DEA6AB /* Build configuration list for PBXNativeTarget "Minty" */ = {
			isa = XCConfigurationList;
			buildConfigurations = (
				EC30944A27DBB24E00DEA6AB /* Debug */,
				EC30944B27DBB24E00DEA6AB /* Release */,
			);
			defaultConfigurationIsVisible = 0;
			defaultConfigurationName = Release;
		};
		ECB2569E27DF954800FCC0BE /* Build configuration list for PBXNativeTarget "MintyTests" */ = {
			isa = XCConfigurationList;
			buildConfigurations = (
				ECB2569C27DF954800FCC0BE /* Debug */,
				ECB2569D27DF954800FCC0BE /* Release */,
			);
			defaultConfigurationIsVisible = 0;
			defaultConfigurationName = Release;
		};
		ECB256D827DF972C00FCC0BE /* Build configuration list for PBXNativeTarget "MintyUITests" */ = {
			isa = XCConfigurationList;
			buildConfigurations = (
				ECB256D627DF972C00FCC0BE /* Debug */,
				ECB256D727DF972C00FCC0BE /* Release */,
			);
			defaultConfigurationIsVisible = 0;
			defaultConfigurationName = Release;
		};
/* End XCConfigurationList section */
	};
	rootObject = EC30941727DBB24A00DEA6AB /* Project object */;
}
